
Microsoft Visual Studio Solution File, Format Version 12.00
# Visual Studio 15
VisualStudioVersion = 15.0.26124.0
MinimumVisualStudioVersion = 15.0.26124.0
Project("{FAE04EC0-301F-11D3-BF4B-00C04F79EFBC}") = "GestorGaleria.Application", "GestorGaleria.Application\GestorGaleria.Application.csproj", "{77C277C7-8644-4AC6-A051-D87D3467989F}"
EndProject
Project("{FAE04EC0-301F-11D3-BF4B-00C04F79EFBC}") = "GestorGaleria.Domain", "GestorGaleria.Domain\GestorGaleria.Domain.csproj", "{FD59CFA1-258B-4B28-830F-24C3BB3E733F}"
EndProject
Project("{FAE04EC0-301F-11D3-BF4B-00C04F79EFBC}") = "gestor.API", "Gestor.API\gestor.API.csproj", "{A168BBAA-0341-41EE-9876-F0760FCBE9BB}"
EndProject
Project("{FAE04EC0-301F-11D3-BF4B-00C04F79EFBC}") = "GestorGaleria.Persistence", "GestorGaleria.Persistence\GestorGaleria.Persistence.csproj", "{E9BF93CB-3BA8-4B46-B1A7-4DF913BD1B97}"
EndProject
Global
	GlobalSection(SolutionConfigurationPlatforms) = preSolution
		Debug|Any CPU = Debug|Any CPU
		Debug|x64 = Debug|x64
		Debug|x86 = Debug|x86
		Release|Any CPU = Release|Any CPU
		Release|x64 = Release|x64
		Release|x86 = Release|x86
	EndGlobalSection
	GlobalSection(SolutionProperties) = preSolution
		HideSolutionNode = FALSE
	EndGlobalSection
	GlobalSection(ProjectConfigurationPlatforms) = postSolution
		{77C277C7-8644-4AC6-A051-D87D3467989F}.Debug|Any CPU.ActiveCfg = Debug|Any CPU
		{77C277C7-8644-4AC6-A051-D87D3467989F}.Debug|Any CPU.Build.0 = Debug|Any CPU
		{77C277C7-8644-4AC6-A051-D87D3467989F}.Debug|x64.ActiveCfg = Debug|Any CPU
		{77C277C7-8644-4AC6-A051-D87D3467989F}.Debug|x64.Build.0 = Debug|Any CPU
		{77C277C7-8644-4AC6-A051-D87D3467989F}.Debug|x86.ActiveCfg = Debug|Any CPU
		{77C277C7-8644-4AC6-A051-D87D3467989F}.Debug|x86.Build.0 = Debug|Any CPU
		{77C277C7-8644-4AC6-A051-D87D3467989F}.Release|Any CPU.ActiveCfg = Release|Any CPU
		{77C277C7-8644-4AC6-A051-D87D3467989F}.Release|Any CPU.Build.0 = Release|Any CPU
		{77C277C7-8644-4AC6-A051-D87D3467989F}.Release|x64.ActiveCfg = Release|Any CPU
		{77C277C7-8644-4AC6-A051-D87D3467989F}.Release|x64.Build.0 = Release|Any CPU
		{77C277C7-8644-4AC6-A051-D87D3467989F}.Release|x86.ActiveCfg = Release|Any CPU
		{77C277C7-8644-4AC6-A051-D87D3467989F}.Release|x86.Build.0 = Release|Any CPU
		{FD59CFA1-258B-4B28-830F-24C3BB3E733F}.Debug|Any CPU.ActiveCfg = Debug|Any CPU
		{FD59CFA1-258B-4B28-830F-24C3BB3E733F}.Debug|Any CPU.Build.0 = Debug|Any CPU
		{FD59CFA1-258B-4B28-830F-24C3BB3E733F}.Debug|x64.ActiveCfg = Debug|Any CPU
		{FD59CFA1-258B-4B28-830F-24C3BB3E733F}.Debug|x64.Build.0 = Debug|Any CPU
		{FD59CFA1-258B-4B28-830F-24C3BB3E733F}.Debug|x86.ActiveCfg = Debug|Any CPU
		{FD59CFA1-258B-4B28-830F-24C3BB3E733F}.Debug|x86.Build.0 = Debug|Any CPU
		{FD59CFA1-258B-4B28-830F-24C3BB3E733F}.Release|Any CPU.ActiveCfg = Release|Any CPU
		{FD59CFA1-258B-4B28-830F-24C3BB3E733F}.Release|Any CPU.Build.0 = Release|Any CPU
		{FD59CFA1-258B-4B28-830F-24C3BB3E733F}.Release|x64.ActiveCfg = Release|Any CPU
		{FD59CFA1-258B-4B28-830F-24C3BB3E733F}.Release|x64.Build.0 = Release|Any CPU
		{FD59CFA1-258B-4B28-830F-24C3BB3E733F}.Release|x86.ActiveCfg = Release|Any CPU
		{FD59CFA1-258B-4B28-830F-24C3BB3E733F}.Release|x86.Build.0 = Release|Any CPU
		{A168BBAA-0341-41EE-9876-F0760FCBE9BB}.Debug|Any CPU.ActiveCfg = Debug|Any CPU
		{A168BBAA-0341-41EE-9876-F0760FCBE9BB}.Debug|Any CPU.Build.0 = Debug|Any CPU
		{A168BBAA-0341-41EE-9876-F0760FCBE9BB}.Debug|x64.ActiveCfg = Debug|Any CPU
		{A168BBAA-0341-41EE-9876-F0760FCBE9BB}.Debug|x64.Build.0 = Debug|Any CPU
		{A168BBAA-0341-41EE-9876-F0760FCBE9BB}.Debug|x86.ActiveCfg = Debug|Any CPU
		{A168BBAA-0341-41EE-9876-F0760FCBE9BB}.Debug|x86.Build.0 = Debug|Any CPU
		{A168BBAA-0341-41EE-9876-F0760FCBE9BB}.Release|Any CPU.ActiveCfg = Release|Any CPU
		{A168BBAA-0341-41EE-9876-F0760FCBE9BB}.Release|Any CPU.Build.0 = Release|Any CPU
		{A168BBAA-0341-41EE-9876-F0760FCBE9BB}.Release|x64.ActiveCfg = Release|Any CPU
		{A168BBAA-0341-41EE-9876-F0760FCBE9BB}.Release|x64.Build.0 = Release|Any CPU
		{A168BBAA-0341-41EE-9876-F0760FCBE9BB}.Release|x86.ActiveCfg = Release|Any CPU
		{A168BBAA-0341-41EE-9876-F0760FCBE9BB}.Release|x86.Build.0 = Release|Any CPU
		{E9BF93CB-3BA8-4B46-B1A7-4DF913BD1B97}.Debug|Any CPU.ActiveCfg = Debug|Any CPU
		{E9BF93CB-3BA8-4B46-B1A7-4DF913BD1B97}.Debug|Any CPU.Build.0 = Debug|Any CPU
		{E9BF93CB-3BA8-4B46-B1A7-4DF913BD1B97}.Debug|x64.ActiveCfg = Debug|Any CPU
		{E9BF93CB-3BA8-4B46-B1A7-4DF913BD1B97}.Debug|x64.Build.0 = Debug|Any CPU
		{E9BF93CB-3BA8-4B46-B1A7-4DF913BD1B97}.Debug|x86.ActiveCfg = Debug|Any CPU
		{E9BF93CB-3BA8-4B46-B1A7-4DF913BD1B97}.Debug|x86.Build.0 = Debug|Any CPU
		{E9BF93CB-3BA8-4B46-B1A7-4DF913BD1B97}.Release|Any CPU.ActiveCfg = Release|Any CPU
		{E9BF93CB-3BA8-4B46-B1A7-4DF913BD1B97}.Release|Any CPU.Build.0 = Release|Any CPU
		{E9BF93CB-3BA8-4B46-B1A7-4DF913BD1B97}.Release|x64.ActiveCfg = Release|Any CPU
		{E9BF93CB-3BA8-4B46-B1A7-4DF913BD1B97}.Release|x64.Build.0 = Release|Any CPU
		{E9BF93CB-3BA8-4B46-B1A7-4DF913BD1B97}.Release|x86.ActiveCfg = Release|Any CPU
		{E9BF93CB-3BA8-4B46-B1A7-4DF913BD1B97}.Release|x86.Build.0 = Release|Any CPU
	EndGlobalSection
EndGlobal
